// !$*UTF8*$!
{
	archiveVersion = 1;
	classes = {
	};
	objectVersion = 56;
	objects = {

/* Begin PBXBuildFile section */
		F66749092C358AFF00C517AA /* VisualVanguardApp.swift in Sources */ = {isa = PBXBuildFile; fileRef = F66749082C358AFF00C517AA /* VisualVanguardApp.swift */; };
		F667490B2C358AFF00C517AA /* ContentView.swift in Sources */ = {isa = PBXBuildFile; fileRef = F667490A2C358AFF00C517AA /* ContentView.swift */; };
		F667490D2C358B0000C517AA /* Assets.xcassets in Resources */ = {isa = PBXBuildFile; fileRef = F667490C2C358B0000C517AA /* Assets.xcassets */; };
		F66749102C358B0000C517AA /* Preview Assets.xcassets in Resources */ = {isa = PBXBuildFile; fileRef = F667490F2C358B0000C517AA /* Preview Assets.xcassets */; };
		F66749502C358EF700C517AA /* VideoListView.swift in Sources */ = {isa = PBXBuildFile; fileRef = F667494F2C358EF700C517AA /* VideoListView.swift */; };
		F69715E42C43C73E002BC23E /* FileImporterView.swift in Sources */ = {isa = PBXBuildFile; fileRef = F69715E32C43C73E002BC23E /* FileImporterView.swift */; };
		F69715E62C43C7B4002BC23E /* DirectoryListView.swift in Sources */ = {isa = PBXBuildFile; fileRef = F69715E52C43C7B4002BC23E /* DirectoryListView.swift */; };
		F69715E82C43C96E002BC23E /* VideoPlayerView.swift in Sources */ = {isa = PBXBuildFile; fileRef = F69715E72C43C96E002BC23E /* VideoPlayerView.swift */; };
		F69715EA2C440250002BC23E /* VideoItemView.swift in Sources */ = {isa = PBXBuildFile; fileRef = F69715E92C440250002BC23E /* VideoItemView.swift */; };
/* End PBXBuildFile section */

/* Begin PBXFileReference section */
		F66749052C358AFF00C517AA /* VisualVanguard.app */ = {isa = PBXFileReference; explicitFileType = wrapper.application; includeInIndex = 0; path = VisualVanguard.app; sourceTree = BUILT_PRODUCTS_DIR; };
		F66749082C358AFF00C517AA /* VisualVanguardApp.swift */ = {isa = PBXFileReference; lastKnownFileType = sourcecode.swift; path = VisualVanguardApp.swift; sourceTree = "<group>"; };
		F667490A2C358AFF00C517AA /* ContentView.swift */ = {isa = PBXFileReference; lastKnownFileType = sourcecode.swift; path = ContentView.swift; sourceTree = "<group>"; };
		F667490C2C358B0000C517AA /* Assets.xcassets */ = {isa = PBXFileReference; lastKnownFileType = folder.assetcatalog; path = Assets.xcassets; sourceTree = "<group>"; };
		F667490F2C358B0000C517AA /* Preview Assets.xcassets */ = {isa = PBXFileReference; lastKnownFileType = folder.assetcatalog; path = "Preview Assets.xcassets"; sourceTree = "<group>"; };
		F66749112C358B0000C517AA /* VisualVanguard.entitlements */ = {isa = PBXFileReference; lastKnownFileType = text.plist.entitlements; path = VisualVanguard.entitlements; sourceTree = "<group>"; };
		F667494F2C358EF700C517AA /* VideoListView.swift */ = {isa = PBXFileReference; lastKnownFileType = sourcecode.swift; path = VideoListView.swift; sourceTree = "<group>"; };
		F69715E32C43C73E002BC23E /* FileImporterView.swift */ = {isa = PBXFileReference; lastKnownFileType = sourcecode.swift; path = FileImporterView.swift; sourceTree = "<group>"; };
		F69715E52C43C7B4002BC23E /* DirectoryListView.swift */ = {isa = PBXFileReference; lastKnownFileType = sourcecode.swift; path = DirectoryListView.swift; sourceTree = "<group>"; };
		F69715E72C43C96E002BC23E /* VideoPlayerView.swift */ = {isa = PBXFileReference; lastKnownFileType = sourcecode.swift; path = VideoPlayerView.swift; sourceTree = "<group>"; };
		F69715E92C440250002BC23E /* VideoItemView.swift */ = {isa = PBXFileReference; lastKnownFileType = sourcecode.swift; path = VideoItemView.swift; sourceTree = "<group>"; };
/* End PBXFileReference section */

/* Begin PBXFrameworksBuildPhase section */
		F66749022C358AFF00C517AA /* Frameworks */ = {
			isa = PBXFrameworksBuildPhase;
			buildActionMask = 2147483647;
			files = (
			);
			runOnlyForDeploymentPostprocessing = 0;
		};
/* End PBXFrameworksBuildPhase section */

/* Begin PBXGroup section */
		F66748FC2C358AFF00C517AA = {
			isa = PBXGroup;
			children = (
				F66749072C358AFF00C517AA /* VisualVanguard */,
				F66749062C358AFF00C517AA /* Products */,
			);
			sourceTree = "<group>";
		};
		F66749062C358AFF00C517AA /* Products */ = {
			isa = PBXGroup;
			children = (
				F66749052C358AFF00C517AA /* VisualVanguard.app */,
			);
			name = Products;
			sourceTree = "<group>";
		};
		F66749072C358AFF00C517AA /* VisualVanguard */ = {
			isa = PBXGroup;
			children = (
				F66749082C358AFF00C517AA /* VisualVanguardApp.swift */,
				F667490A2C358AFF00C517AA /* ContentView.swift */,
				F69715E72C43C96E002BC23E /* VideoPlayerView.swift */,
				F69715E52C43C7B4002BC23E /* DirectoryListView.swift */,
				F69715E32C43C73E002BC23E /* FileImporterView.swift */,
				F667494F2C358EF700C517AA /* VideoListView.swift */,
				F69715E92C440250002BC23E /* VideoItemView.swift */,
				F667490C2C358B0000C517AA /* Assets.xcassets */,
				F66749112C358B0000C517AA /* VisualVanguard.entitlements */,
				F667490E2C358B0000C517AA /* Preview Content */,
			);
			path = VisualVanguard;
			sourceTree = "<group>";
		};
		F667490E2C358B0000C517AA /* Preview Content */ = {
			isa = PBXGroup;
			children = (
				F667490F2C358B0000C517AA /* Preview Assets.xcassets */,
			);
			path = "Preview Content";
			sourceTree = "<group>";
		};
/* End PBXGroup section */

/* Begin PBXNativeTarget section */
		F66749042C358AFF00C517AA /* VisualVanguard */ = {
			isa = PBXNativeTarget;
			buildConfigurationList = F66749142C358B0000C517AA /* Build configuration list for PBXNativeTarget "VisualVanguard" */;
			buildPhases = (
				F66749012C358AFF00C517AA /* Sources */,
				F66749022C358AFF00C517AA /* Frameworks */,
				F66749032C358AFF00C517AA /* Resources */,
			);
			buildRules = (
			);
			dependencies = (
			);
			name = VisualVanguard;
			productName = VisualVanguard;
			productReference = F66749052C358AFF00C517AA /* VisualVanguard.app */;
			productType = "com.apple.product-type.application";
		};
/* End PBXNativeTarget section */

/* Begin PBXProject section */
		F66748FD2C358AFF00C517AA /* Project object */ = {
			isa = PBXProject;
			attributes = {
				BuildIndependentTargetsInParallel = 1;
				LastSwiftUpdateCheck = 1540;
				LastUpgradeCheck = 1540;
				TargetAttributes = {
					F66749042C358AFF00C517AA = {
						CreatedOnToolsVersion = 15.4;
					};
				};
			};
			buildConfigurationList = F66749002C358AFF00C517AA /* Build configuration list for PBXProject "VisualVanguard" */;
			compatibilityVersion = "Xcode 14.0";
			developmentRegion = en;
			hasScannedForEncodings = 0;
			knownRegions = (
				en,
				Base,
			);
			mainGroup = F66748FC2C358AFF00C517AA;
			productRefGroup = F66749062C358AFF00C517AA /* Products */;
			projectDirPath = "";
			projectRoot = "";
			targets = (
				F66749042C358AFF00C517AA /* VisualVanguard */,
			);
		};
/* End PBXProject section */

/* Begin PBXResourcesBuildPhase section */
		F66749032C358AFF00C517AA /* Resources */ = {
			isa = PBXResourcesBuildPhase;
			buildActionMask = 2147483647;
			files = (
				F66749102C358B0000C517AA /* Preview Assets.xcassets in Resources */,
				F667490D2C358B0000C517AA /* Assets.xcassets in Resources */,
			);
			runOnlyForDeploymentPostprocessing = 0;
		};
/* End PBXResourcesBuildPhase section */

/* Begin PBXSourcesBuildPhase section */
		F66749012C358AFF00C517AA /* Sources */ = {
			isa = PBXSourcesBuildPhase;
			buildActionMask = 2147483647;
			files = (
				F667490B2C358AFF00C517AA /* ContentView.swift in Sources */,
				F66749502C358EF700C517AA /* VideoListView.swift in Sources */,
				F69715E42C43C73E002BC23E /* FileImporterView.swift in Sources */,
				F69715E62C43C7B4002BC23E /* DirectoryListView.swift in Sources */,
				F69715EA2C440250002BC23E /* VideoItemView.swift in Sources */,
				F66749092C358AFF00C517AA /* VisualVanguardApp.swift in Sources */,
				F69715E82C43C96E002BC23E /* VideoPlayerView.swift in Sources */,
			);
			runOnlyForDeploymentPostprocessing = 0;
		};
/* End PBXSourcesBuildPhase section */

/* Begin XCBuildConfiguration section */
		F66749122C358B0000C517AA /* Debug */ = {
			isa = XCBuildConfiguration;
			buildSettings = {
				ALWAYS_SEARCH_USER_PATHS = NO;
				ASSETCATALOG_COMPILER_GENERATE_SWIFT_ASSET_SYMBOL_EXTENSIONS = YES;
				CLANG_ANALYZER_NONNULL = YES;
				CLANG_ANALYZER_NUMBER_OBJECT_CONVERSION = YES_AGGRESSIVE;
				CLANG_CXX_LANGUAGE_STANDARD = "gnu++20";
				CLANG_ENABLE_MODULES = YES;
				CLANG_ENABLE_OBJC_ARC = YES;
				CLANG_ENABLE_OBJC_WEAK = YES;
				CLANG_WARN_BLOCK_CAPTURE_AUTORELEASING = YES;
				CLANG_WARN_BOOL_CONVERSION = YES;
				CLANG_WARN_COMMA = YES;
				CLANG_WARN_CONSTANT_CONVERSION = YES;
				CLANG_WARN_DEPRECATED_OBJC_IMPLEMENTATIONS = YES;
				CLANG_WARN_DIRECT_OBJC_ISA_USAGE = YES_ERROR;
				CLANG_WARN_DOCUMENTATION_COMMENTS = YES;
				CLANG_WARN_EMPTY_BODY = YES;
				CLANG_WARN_ENUM_CONVERSION = YES;
				CLANG_WARN_INFINITE_RECURSION = YES;
				CLANG_WARN_INT_CONVERSION = YES;
				CLANG_WARN_NON_LITERAL_NULL_CONVERSION = YES;
				CLANG_WARN_OBJC_IMPLICIT_RETAIN_SELF = YES;
				CLANG_WARN_OBJC_LITERAL_CONVERSION = YES;
				CLANG_WARN_OBJC_ROOT_CLASS = YES_ERROR;
				CLANG_WARN_QUOTED_INCLUDE_IN_FRAMEWORK_HEADER = YES;
				CLANG_WARN_RANGE_LOOP_ANALYSIS = YES;
				CLANG_WARN_STRICT_PROTOTYPES = YES;
				CLANG_WARN_SUSPICIOUS_MOVE = YES;
				CLANG_WARN_UNGUARDED_AVAILABILITY = YES_AGGRESSIVE;
				CLANG_WARN_UNREACHABLE_CODE = YES;
				CLANG_WARN__DUPLICATE_METHOD_MATCH = YES;
				COPY_PHASE_STRIP = NO;
				DEBUG_INFORMATION_FORMAT = dwarf;
				ENABLE_STRICT_OBJC_MSGSEND = YES;
				ENABLE_TESTABILITY = YES;
				ENABLE_USER_SCRIPT_SANDBOXING = YES;
				GCC_C_LANGUAGE_STANDARD = gnu17;
				GCC_DYNAMIC_NO_PIC = NO;
				GCC_NO_COMMON_BLOCKS = YES;
				GCC_OPTIMIZATION_LEVEL = 0;
				GCC_PREPROCESSOR_DEFINITIONS = (
					"DEBUG=1",
					"$(inherited)",
				);
				GCC_WARN_64_TO_32_BIT_CONVERSION = YES;
				GCC_WARN_ABOUT_RETURN_TYPE = YES_ERROR;
				GCC_WARN_UNDECLARED_SELECTOR = YES;
				GCC_WARN_UNINITIALIZED_AUTOS = YES_AGGRESSIVE;
				GCC_WARN_UNUSED_FUNCTION = YES;
				GCC_WARN_UNUSED_VARIABLE = YES;
				LOCALIZATION_PREFERS_STRING_CATALOGS = YES;
				MACOSX_DEPLOYMENT_TARGET = 14.5;
				MTL_ENABLE_DEBUG_INFO = INCLUDE_SOURCE;
				MTL_FAST_MATH = YES;
				ONLY_ACTIVE_ARCH = YES;
				SDKROOT = macosx;
				SWIFT_ACTIVE_COMPILATION_CONDITIONS = "DEBUG $(inherited)";
				SWIFT_OPTIMIZATION_LEVEL = "-Onone";
			};
			name = Debug;
		};
		F66749132C358B0000C517AA /* Release */ = {
			isa = XCBuildConfiguration;
			buildSettings = {
				ALWAYS_SEARCH_USER_PATHS = NO;
				ASSETCATALOG_COMPILER_GENERATE_SWIFT_ASSET_SYMBOL_EXTENSIONS = YES;
				CLANG_ANALYZER_NONNULL = YES;
				CLANG_ANALYZER_NUMBER_OBJECT_CONVERSION = YES_AGGRESSIVE;
				CLANG_CXX_LANGUAGE_STANDARD = "gnu++20";
				CLANG_ENABLE_MODULES = YES;
				CLANG_ENABLE_OBJC_ARC = YES;
				CLANG_ENABLE_OBJC_WEAK = YES;
				CLANG_WARN_BLOCK_CAPTURE_AUTORELEASING = YES;
				CLANG_WARN_BOOL_CONVERSION = YES;
				CLANG_WARN_COMMA = YES;
				CLANG_WARN_CONSTANT_CONVERSION = YES;
				CLANG_WARN_DEPRECATED_OBJC_IMPLEMENTATIONS = YES;
				CLANG_WARN_DIRECT_OBJC_ISA_USAGE = YES_ERROR;
				CLANG_WARN_DOCUMENTATION_COMMENTS = YES;
				CLANG_WARN_EMPTY_BODY = YES;
				CLANG_WARN_ENUM_CONVERSION = YES;
				CLANG_WARN_INFINITE_RECURSION = YES;
				CLANG_WARN_INT_CONVERSION = YES;
				CLANG_WARN_NON_LITERAL_NULL_CONVERSION = YES;
				CLANG_WARN_OBJC_IMPLICIT_RETAIN_SELF = YES;
				CLANG_WARN_OBJC_LITERAL_CONVERSION = YES;
				CLANG_WARN_OBJC_ROOT_CLASS = YES_ERROR;
				CLANG_WARN_QUOTED_INCLUDE_IN_FRAMEWORK_HEADER = YES;
				CLANG_WARN_RANGE_LOOP_ANALYSIS = YES;
				CLANG_WARN_STRICT_PROTOTYPES = YES;
				CLANG_WARN_SUSPICIOUS_MOVE = YES;
				CLANG_WARN_UNGUARDED_AVAILABILITY = YES_AGGRESSIVE;
				CLANG_WARN_UNREACHABLE_CODE = YES;
				CLANG_WARN__DUPLICATE_METHOD_MATCH = YES;
				COPY_PHASE_STRIP = NO;
				DEBUG_INFORMATION_FORMAT = "dwarf-with-dsym";
				ENABLE_NS_ASSERTIONS = NO;
				ENABLE_STRICT_OBJC_MSGSEND = YES;
				ENABLE_USER_SCRIPT_SANDBOXING = YES;
				GCC_C_LANGUAGE_STANDARD = gnu17;
				GCC_NO_COMMON_BLOCKS = YES;
				GCC_WARN_64_TO_32_BIT_CONVERSION = YES;
				GCC_WARN_ABOUT_RETURN_TYPE = YES_ERROR;
				GCC_WARN_UNDECLARED_SELECTOR = YES;
				GCC_WARN_UNINITIALIZED_AUTOS = YES_AGGRESSIVE;
				GCC_WARN_UNUSED_FUNCTION = YES;
				GCC_WARN_UNUSED_VARIABLE = YES;
				LOCALIZATION_PREFERS_STRING_CATALOGS = YES;
				MACOSX_DEPLOYMENT_TARGET = 14.5;
				MTL_ENABLE_DEBUG_INFO = NO;
				MTL_FAST_MATH = YES;
				SDKROOT = macosx;
				SWIFT_COMPILATION_MODE = wholemodule;
			};
			name = Release;
		};
		F66749152C358B0000C517AA /* Debug */ = {
			isa = XCBuildConfiguration;
			buildSettings = {
				ASSETCATALOG_COMPILER_APPICON_NAME = AppIcon;
				ASSETCATALOG_COMPILER_GLOBAL_ACCENT_COLOR_NAME = AccentColor;
				CODE_SIGN_ENTITLEMENTS = VisualVanguard/VisualVanguard.entitlements;
				CODE_SIGN_STYLE = Automatic;
				COMBINE_HIDPI_IMAGES = YES;
				CURRENT_PROJECT_VERSION = 1;
				DEVELOPMENT_ASSET_PATHS = "\"VisualVanguard/Preview Content\"";
				DEVELOPMENT_TEAM = UGA9SV6W29;
				ENABLE_HARDENED_RUNTIME = YES;
				ENABLE_PREVIEWS = YES;
				GENERATE_INFOPLIST_FILE = YES;
				INFOPLIST_KEY_NSHumanReadableCopyright = "";
				LD_RUNPATH_SEARCH_PATHS = (
					"$(inherited)",
					"@executable_path/../Frameworks",
				);
				MARKETING_VERSION = 1.0;
				PRODUCT_BUNDLE_IDENTIFIER = ooj.VisualVanguard;
				PRODUCT_NAME = "$(TARGET_NAME)";
				SWIFT_EMIT_LOC_STRINGS = YES;
				SWIFT_VERSION = 5.0;
			};
			name = Debug;
		};
		F66749162C358B0000C517AA /* Release */ = {
			isa = XCBuildConfiguration;
			buildSettings = {
				ASSETCATALOG_COMPILER_APPICON_NAME = AppIcon;
				ASSETCATALOG_COMPILER_GLOBAL_ACCENT_COLOR_NAME = AccentColor;
				CODE_SIGN_ENTITLEMENTS = VisualVanguard/VisualVanguard.entitlements;
				CODE_SIGN_STYLE = Automatic;
				COMBINE_HIDPI_IMAGES = YES;
				CURRENT_PROJECT_VERSION = 1;
				DEVELOPMENT_ASSET_PATHS = "\"VisualVanguard/Preview Content\"";
				DEVELOPMENT_TEAM = UGA9SV6W29;
				ENABLE_HARDENED_RUNTIME = YES;
				ENABLE_PREVIEWS = YES;
				GENERATE_INFOPLIST_FILE = YES;
				INFOPLIST_KEY_NSHumanReadableCopyright = "";
				LD_RUNPATH_SEARCH_PATHS = (
					"$(inherited)",
					"@executable_path/../Frameworks",
				);
				MARKETING_VERSION = 1.0;
				PRODUCT_BUNDLE_IDENTIFIER = ooj.VisualVanguard;
				PRODUCT_NAME = "$(TARGET_NAME)";
				SWIFT_EMIT_LOC_STRINGS = YES;
				SWIFT_VERSION = 5.0;
			};
			name = Release;
		};
/* End XCBuildConfiguration section */

/* Begin XCConfigurationList section */
		F66749002C358AFF00C517AA /* Build configuration list for PBXProject "VisualVanguard" */ = {
			isa = XCConfigurationList;
			buildConfigurations = (
				F66749122C358B0000C517AA /* Debug */,
				F66749132C358B0000C517AA /* Release */,
			);
			defaultConfigurationIsVisible = 0;
			defaultConfigurationName = Release;
		};
		F66749142C358B0000C517AA /* Build configuration list for PBXNativeTarget "VisualVanguard" */ = {
			isa = XCConfigurationList;
			buildConfigurations = (
				F66749152C358B0000C517AA /* Debug */,
				F66749162C358B0000C517AA /* Release */,
			);
			defaultConfigurationIsVisible = 0;
			defaultConfigurationName = Release;
		};
/* End XCConfigurationList section */
	};
	rootObject = F66748FD2C358AFF00C517AA /* Project object */;
}
